
Microsoft Visual Studio Solution File, Format Version 12.00
# Visual Studio Version 17
VisualStudioVersion = 17.5.002.0
MinimumVisualStudioVersion = 10.0.40219.1
Project("{9A19103F-16F7-4668-BE54-9A1E7A4F7556}") = "api", "api\api.csproj", "{5839A1A7-BBEA-443F-829B-070C5CDE164E}"
EndProject
Global
	GlobalSection(SolutionConfigurationPlatforms) = preSolution
		Debug|Any CPU = Debug|Any CPU
		Release|Any CPU = Release|Any CPU
	EndGlobalSection
	GlobalSection(ProjectConfigurationPlatforms) = postSolution
		{5839A1A7-BBEA-443F-829B-070C5CDE164E}.Debug|Any CPU.ActiveCfg = Debug|Any CPU
		{5839A1A7-BBEA-443F-829B-070C5CDE164E}.Debug|Any CPU.Build.0 = Debug|Any CPU
		{5839A1A7-BBEA-443F-829B-070C5CDE164E}.Release|Any CPU.ActiveCfg = Release|Any CPU
		{5839A1A7-BBEA-443F-829B-070C5CDE164E}.Release|Any CPU.Build.0 = Release|Any CPU
	EndGlobalSection
	GlobalSection(SolutionProperties) = preSolution
		HideSolutionNode = FALSE
	EndGlobalSection
	GlobalSection(ExtensibilityGlobals) = postSolution
		SolutionGuid = {CE7B8372-C4BA-497F-8567-99AB8A56A87D}
	EndGlobalSection
EndGlobal
